
Microsoft Visual Studio Solution File, Format Version 12.00
# Visual Studio 2012
Project("{FAE04EC0-301F-11D3-BF4B-00C04F79EFBC}") = "MainMenu", "MainMenu\MainMenu.csproj", "{6998F6D3-642D-4FD6-BC41-0A0E365CAD96}"
EndProject
Project("{FAE04EC0-301F-11D3-BF4B-00C04F79EFBC}") = "Contabilidad", "..\..\Contabilidad\Contabilidad\Contabilidad.csproj", "{9AAB66D4-CB76-4809-9A52-D50282A6968D}"
EndProject
Project("{FAE04EC0-301F-11D3-BF4B-00C04F79EFBC}") = "Security", "..\..\Security\Security\Security.csproj", "{FDBE1059-0197-4F16-A0CF-D9ECB8EF8AA6}"
EndProject
Project("{FAE04EC0-301F-11D3-BF4B-00C04F79EFBC}") = "Util", "..\..\Util\Util\Util.csproj", "{0B0488EF-45C5-4594-AECC-B6AEC89FBBD5}"
EndProject
Project("{FAE04EC0-301F-11D3-BF4B-00C04F79EFBC}") = "ControlBancario", "..\..\ControlBancario\ControlBancario.csproj", "{574DCF6A-79A5-4BD7-BDDF-D5D2AC2CCD8E}"
EndProject
Global
	GlobalSection(SolutionConfigurationPlatforms) = preSolution
		Debug|Any CPU = Debug|Any CPU
		Release|Any CPU = Release|Any CPU
	EndGlobalSection
	GlobalSection(ProjectConfigurationPlatforms) = postSolution
		{6998F6D3-642D-4FD6-BC41-0A0E365CAD96}.Debug|Any CPU.ActiveCfg = Debug|Any CPU
		{6998F6D3-642D-4FD6-BC41-0A0E365CAD96}.Debug|Any CPU.Build.0 = Debug|Any CPU
		{6998F6D3-642D-4FD6-BC41-0A0E365CAD96}.Release|Any CPU.ActiveCfg = Release|Any CPU
		{6998F6D3-642D-4FD6-BC41-0A0E365CAD96}.Release|Any CPU.Build.0 = Release|Any CPU
		{9AAB66D4-CB76-4809-9A52-D50282A6968D}.Debug|Any CPU.ActiveCfg = Debug|Any CPU
		{9AAB66D4-CB76-4809-9A52-D50282A6968D}.Debug|Any CPU.Build.0 = Debug|Any CPU
		{9AAB66D4-CB76-4809-9A52-D50282A6968D}.Release|Any CPU.ActiveCfg = Release|Any CPU
		{9AAB66D4-CB76-4809-9A52-D50282A6968D}.Release|Any CPU.Build.0 = Release|Any CPU
		{FDBE1059-0197-4F16-A0CF-D9ECB8EF8AA6}.Debug|Any CPU.ActiveCfg = Debug|Any CPU
		{FDBE1059-0197-4F16-A0CF-D9ECB8EF8AA6}.Debug|Any CPU.Build.0 = Debug|Any CPU
		{FDBE1059-0197-4F16-A0CF-D9ECB8EF8AA6}.Release|Any CPU.ActiveCfg = Release|Any CPU
		{FDBE1059-0197-4F16-A0CF-D9ECB8EF8AA6}.Release|Any CPU.Build.0 = Release|Any CPU
		{0B0488EF-45C5-4594-AECC-B6AEC89FBBD5}.Debug|Any CPU.ActiveCfg = Debug|Any CPU
		{0B0488EF-45C5-4594-AECC-B6AEC89FBBD5}.Debug|Any CPU.Build.0 = Debug|Any CPU
		{0B0488EF-45C5-4594-AECC-B6AEC89FBBD5}.Release|Any CPU.ActiveCfg = Release|Any CPU
		{0B0488EF-45C5-4594-AECC-B6AEC89FBBD5}.Release|Any CPU.Build.0 = Release|Any CPU
		{574DCF6A-79A5-4BD7-BDDF-D5D2AC2CCD8E}.Debug|Any CPU.ActiveCfg = Debug|Any CPU
		{574DCF6A-79A5-4BD7-BDDF-D5D2AC2CCD8E}.Debug|Any CPU.Build.0 = Debug|Any CPU
		{574DCF6A-79A5-4BD7-BDDF-D5D2AC2CCD8E}.Release|Any CPU.ActiveCfg = Release|Any CPU
		{574DCF6A-79A5-4BD7-BDDF-D5D2AC2CCD8E}.Release|Any CPU.Build.0 = Release|Any CPU
	EndGlobalSection
	GlobalSection(SolutionProperties) = preSolution
		HideSolutionNode = FALSE
	EndGlobalSection
EndGlobal
